
Microsoft Visual Studio Solution File, Format Version 12.00
# Visual Studio Version 16
VisualStudioVersion = 16.0.30002.166
MinimumVisualStudioVersion = 10.0.40219.1
Project("{8BC9CEB8-8B4A-11D0-8D11-00A0C91BC942}") = "ProyPaint2D", "ProyPaint2D\ProyPaint2D.vcxproj", "{95330B86-34BD-4258-8532-06DA1ADC3BD6}"
EndProject
Global
	GlobalSection(SolutionConfigurationPlatforms) = preSolution
		Debug|x64 = Debug|x64
		Debug|x86 = Debug|x86
		Release|x64 = Release|x64
		Release|x86 = Release|x86
	EndGlobalSection
	GlobalSection(ProjectConfigurationPlatforms) = postSolution
		{95330B86-34BD-4258-8532-06DA1ADC3BD6}.Debug|x64.ActiveCfg = Debug|x64
		{95330B86-34BD-4258-8532-06DA1ADC3BD6}.Debug|x64.Build.0 = Debug|x64
		{95330B86-34BD-4258-8532-06DA1ADC3BD6}.Debug|x86.ActiveCfg = Debug|Win32
		{95330B86-34BD-4258-8532-06DA1ADC3BD6}.Debug|x86.Build.0 = Debug|Win32
		{95330B86-34BD-4258-8532-06DA1ADC3BD6}.Release|x64.ActiveCfg = Release|x64
		{95330B86-34BD-4258-8532-06DA1ADC3BD6}.Release|x64.Build.0 = Release|x64
		{95330B86-34BD-4258-8532-06DA1ADC3BD6}.Release|x86.ActiveCfg = Release|Win32
		{95330B86-34BD-4258-8532-06DA1ADC3BD6}.Release|x86.Build.0 = Release|Win32
	EndGlobalSection
	GlobalSection(SolutionProperties) = preSolution
		HideSolutionNode = FALSE
	EndGlobalSection
	GlobalSection(ExtensibilityGlobals) = postSolution
		SolutionGuid = {FC7A41CE-0B10-48B8-BC6D-D838F8D9B9C1}
	EndGlobalSection
EndGlobal
